// !$*UTF8*$!
{
	archiveVersion = 1;
	classes = {
	};
	objectVersion = 50;
	objects = {

/* Begin PBXBuildFile section */
		0503378120E137A300A237ED /* AppDelegate.swift in Sources */ = {isa = PBXBuildFile; fileRef = 0503378020E137A300A237ED /* AppDelegate.swift */; };
		0503378720E137A300A237ED /* GameScene.swift in Sources */ = {isa = PBXBuildFile; fileRef = 0503378620E137A300A237ED /* GameScene.swift */; };
		0503378920E137A300A237ED /* GameViewController.swift in Sources */ = {isa = PBXBuildFile; fileRef = 0503378820E137A300A237ED /* GameViewController.swift */; };
		0503378C20E137A300A237ED /* Main.storyboard in Resources */ = {isa = PBXBuildFile; fileRef = 0503378A20E137A300A237ED /* Main.storyboard */; };
		0503378E20E137A500A237ED /* Assets.xcassets in Resources */ = {isa = PBXBuildFile; fileRef = 0503378D20E137A500A237ED /* Assets.xcassets */; };
		0503379120E137A500A237ED /* LaunchScreen.storyboard in Resources */ = {isa = PBXBuildFile; fileRef = 0503378F20E137A500A237ED /* LaunchScreen.storyboard */; };
		0503379D20E15D3200A237ED /* Settings.swift in Sources */ = {isa = PBXBuildFile; fileRef = 0503379C20E15D3200A237ED /* Settings.swift */; };
		0503379F20E16BD600A237ED /* beep.wav in Resources */ = {isa = PBXBuildFile; fileRef = 0503379E20E16BD600A237ED /* beep.wav */; };
		050337A120E16E2E00A237ED /* lose.wav in Resources */ = {isa = PBXBuildFile; fileRef = 050337A020E16E2E00A237ED /* lose.wav */; };
		050337A320E16F8000A237ED /* MenuScene.swift in Sources */ = {isa = PBXBuildFile; fileRef = 050337A220E16F8000A237ED /* MenuScene.swift */; };
/* End PBXBuildFile section */

/* Begin PBXFileReference section */
		0503377D20E137A300A237ED /* ColorSwitch.app */ = {isa = PBXFileReference; explicitFileType = wrapper.application; includeInIndex = 0; path = ColorSwitch.app; sourceTree = BUILT_PRODUCTS_DIR; };
		0503378020E137A300A237ED /* AppDelegate.swift */ = {isa = PBXFileReference; lastKnownFileType = sourcecode.swift; path = AppDelegate.swift; sourceTree = "<group>"; };
		0503378620E137A300A237ED /* GameScene.swift */ = {isa = PBXFileReference; lastKnownFileType = sourcecode.swift; path = GameScene.swift; sourceTree = "<group>"; };
		0503378820E137A300A237ED /* GameViewController.swift */ = {isa = PBXFileReference; lastKnownFileType = sourcecode.swift; path = GameViewController.swift; sourceTree = "<group>"; };
		0503378B20E137A300A237ED /* Base */ = {isa = PBXFileReference; lastKnownFileType = file.storyboard; name = Base; path = Base.lproj/Main.storyboard; sourceTree = "<group>"; };
		0503378D20E137A500A237ED /* Assets.xcassets */ = {isa = PBXFileReference; lastKnownFileType = folder.assetcatalog; path = Assets.xcassets; sourceTree = "<group>"; };
		0503379020E137A500A237ED /* Base */ = {isa = PBXFileReference; lastKnownFileType = file.storyboard; name = Base; path = Base.lproj/LaunchScreen.storyboard; sourceTree = "<group>"; };
		0503379220E137A500A237ED /* Info.plist */ = {isa = PBXFileReference; lastKnownFileType = text.plist.xml; path = Info.plist; sourceTree = "<group>"; };
		0503379C20E15D3200A237ED /* Settings.swift */ = {isa = PBXFileReference; lastKnownFileType = sourcecode.swift; path = Settings.swift; sourceTree = "<group>"; };
		0503379E20E16BD600A237ED /* beep.wav */ = {isa = PBXFileReference; lastKnownFileType = audio.wav; path = beep.wav; sourceTree = "<group>"; };
		050337A020E16E2E00A237ED /* lose.wav */ = {isa = PBXFileReference; lastKnownFileType = audio.wav; path = lose.wav; sourceTree = "<group>"; };
		050337A220E16F8000A237ED /* MenuScene.swift */ = {isa = PBXFileReference; lastKnownFileType = sourcecode.swift; path = MenuScene.swift; sourceTree = "<group>"; };
/* End PBXFileReference section */

/* Begin PBXFrameworksBuildPhase section */
		0503377A20E137A300A237ED /* Frameworks */ = {
			isa = PBXFrameworksBuildPhase;
			buildActionMask = 2147483647;
			files = (
			);
			runOnlyForDeploymentPostprocessing = 0;
		};
/* End PBXFrameworksBuildPhase section */

/* Begin PBXGroup section */
		0503377420E137A300A237ED = {
			isa = PBXGroup;
			children = (
				050337A020E16E2E00A237ED /* lose.wav */,
				0503379E20E16BD600A237ED /* beep.wav */,
				0503377F20E137A300A237ED /* ColorSwitch */,
				0503377E20E137A300A237ED /* Products */,
			);
			sourceTree = "<group>";
		};
		0503377E20E137A300A237ED /* Products */ = {
			isa = PBXGroup;
			children = (
				0503377D20E137A300A237ED /* ColorSwitch.app */,
			);
			name = Products;
			sourceTree = "<group>";
		};
		0503377F20E137A300A237ED /* ColorSwitch */ = {
			isa = PBXGroup;
			children = (
				0503379B20E1437500A237ED /* Template */,
				0503379A20E1436D00A237ED /* Assets */,
				0503379920E1436600A237ED /* Scenes */,
				0503379820E1435D00A237ED /* ViewController */,
				0503379220E137A500A237ED /* Info.plist */,
			);
			path = ColorSwitch;
			sourceTree = "<group>";
		};
		0503379820E1435D00A237ED /* ViewController */ = {
			isa = PBXGroup;
			children = (
				0503378820E137A300A237ED /* GameViewController.swift */,
			);
			path = ViewController;
			sourceTree = "<group>";
		};
		0503379920E1436600A237ED /* Scenes */ = {
			isa = PBXGroup;
			children = (
				0503378620E137A300A237ED /* GameScene.swift */,
				050337A220E16F8000A237ED /* MenuScene.swift */,
			);
			path = Scenes;
			sourceTree = "<group>";
		};
		0503379A20E1436D00A237ED /* Assets */ = {
			isa = PBXGroup;
			children = (
				0503378A20E137A300A237ED /* Main.storyboard */,
				0503378D20E137A500A237ED /* Assets.xcassets */,
				0503378F20E137A500A237ED /* LaunchScreen.storyboard */,
			);
			path = Assets;
			sourceTree = "<group>";
		};
		0503379B20E1437500A237ED /* Template */ = {
			isa = PBXGroup;
			children = (
				0503378020E137A300A237ED /* AppDelegate.swift */,
				0503379C20E15D3200A237ED /* Settings.swift */,
			);
			path = Template;
			sourceTree = "<group>";
		};
/* End PBXGroup section */

/* Begin PBXNativeTarget section */
		0503377C20E137A300A237ED /* ColorSwitch */ = {
			isa = PBXNativeTarget;
			buildConfigurationList = 0503379520E137A500A237ED /* Build configuration list for PBXNativeTarget "ColorSwitch" */;
			buildPhases = (
				0503377920E137A300A237ED /* Sources */,
				0503377A20E137A300A237ED /* Frameworks */,
				0503377B20E137A300A237ED /* Resources */,
			);
			buildRules = (
			);
			dependencies = (
			);
			name = ColorSwitch;
			productName = ColorSwitch;
			productReference = 0503377D20E137A300A237ED /* ColorSwitch.app */;
			productType = "com.apple.product-type.application";
		};
/* End PBXNativeTarget section */

/* Begin PBXProject section */
		0503377520E137A300A237ED /* Project object */ = {
			isa = PBXProject;
			attributes = {
				LastSwiftUpdateCheck = 0940;
				LastUpgradeCheck = 0940;
				ORGANIZATIONNAME = "Christopher Anderson";
				TargetAttributes = {
					0503377C20E137A300A237ED = {
						CreatedOnToolsVersion = 9.4.1;
					};
				};
			};
			buildConfigurationList = 0503377820E137A300A237ED /* Build configuration list for PBXProject "ColorSwitch" */;
			compatibilityVersion = "Xcode 9.3";
			developmentRegion = en;
			hasScannedForEncodings = 0;
			knownRegions = (
				en,
				Base,
			);
			mainGroup = 0503377420E137A300A237ED;
			productRefGroup = 0503377E20E137A300A237ED /* Products */;
			projectDirPath = "";
			projectRoot = "";
			targets = (
				0503377C20E137A300A237ED /* ColorSwitch */,
			);
		};
/* End PBXProject section */

/* Begin PBXResourcesBuildPhase section */
		0503377B20E137A300A237ED /* Resources */ = {
			isa = PBXResourcesBuildPhase;
			buildActionMask = 2147483647;
			files = (
				050337A120E16E2E00A237ED /* lose.wav in Resources */,
				0503379F20E16BD600A237ED /* beep.wav in Resources */,
				0503378C20E137A300A237ED /* Main.storyboard in Resources */,
				0503378E20E137A500A237ED /* Assets.xcassets in Resources */,
				0503379120E137A500A237ED /* LaunchScreen.storyboard in Resources */,
			);
			runOnlyForDeploymentPostprocessing = 0;
		};
/* End PBXResourcesBuildPhase section */

/* Begin PBXSourcesBuildPhase section */
		0503377920E137A300A237ED /* Sources */ = {
			isa = PBXSourcesBuildPhase;
			buildActionMask = 2147483647;
			files = (
				0503378720E137A300A237ED /* GameScene.swift in Sources */,
				0503378920E137A300A237ED /* GameViewController.swift in Sources */,
				050337A320E16F8000A237ED /* MenuScene.swift in Sources */,
				0503379D20E15D3200A237ED /* Settings.swift in Sources */,
				0503378120E137A300A237ED /* AppDelegate.swift in Sources */,
			);
			runOnlyForDeploymentPostprocessing = 0;
		};
/* End PBXSourcesBuildPhase section */

/* Begin PBXVariantGroup section */
		0503378A20E137A300A237ED /* Main.storyboard */ = {
			isa = PBXVariantGroup;
			children = (
				0503378B20E137A300A237ED /* Base */,
			);
			name = Main.storyboard;
			sourceTree = "<group>";
		};
		0503378F20E137A500A237ED /* LaunchScreen.storyboard */ = {
			isa = PBXVariantGroup;
			children = (
				0503379020E137A500A237ED /* Base */,
			);
			name = LaunchScreen.storyboard;
			sourceTree = "<group>";
		};
/* End PBXVariantGroup section */

/* Begin XCBuildConfiguration section */
		0503379320E137A500A237ED /* Debug */ = {
			isa = XCBuildConfiguration;
			buildSettings = {
				ALWAYS_SEARCH_USER_PATHS = NO;
				CLANG_ANALYZER_NONNULL = YES;
				CLANG_ANALYZER_NUMBER_OBJECT_CONVERSION = YES_AGGRESSIVE;
				CLANG_CXX_LANGUAGE_STANDARD = "gnu++14";
				CLANG_CXX_LIBRARY = "libc++";
				CLANG_ENABLE_MODULES = YES;
				CLANG_ENABLE_OBJC_ARC = YES;
				CLANG_ENABLE_OBJC_WEAK = YES;
				CLANG_WARN_BLOCK_CAPTURE_AUTORELEASING = YES;
				CLANG_WARN_BOOL_CONVERSION = YES;
				CLANG_WARN_COMMA = YES;
				CLANG_WARN_CONSTANT_CONVERSION = YES;
				CLANG_WARN_DEPRECATED_OBJC_IMPLEMENTATIONS = YES;
				CLANG_WARN_DIRECT_OBJC_ISA_USAGE = YES_ERROR;
				CLANG_WARN_DOCUMENTATION_COMMENTS = YES;
				CLANG_WARN_EMPTY_BODY = YES;
				CLANG_WARN_ENUM_CONVERSION = YES;
				CLANG_WARN_INFINITE_RECURSION = YES;
				CLANG_WARN_INT_CONVERSION = YES;
				CLANG_WARN_NON_LITERAL_NULL_CONVERSION = YES;
				CLANG_WARN_OBJC_IMPLICIT_RETAIN_SELF = YES;
				CLANG_WARN_OBJC_LITERAL_CONVERSION = YES;
				CLANG_WARN_OBJC_ROOT_CLASS = YES_ERROR;
				CLANG_WARN_RANGE_LOOP_ANALYSIS = YES;
				CLANG_WARN_STRICT_PROTOTYPES = YES;
				CLANG_WARN_SUSPICIOUS_MOVE = YES;
				CLANG_WARN_UNGUARDED_AVAILABILITY = YES_AGGRESSIVE;
				CLANG_WARN_UNREACHABLE_CODE = YES;
				CLANG_WARN__DUPLICATE_METHOD_MATCH = YES;
				CODE_SIGN_IDENTITY = "iPhone Developer";
				COPY_PHASE_STRIP = NO;
				DEBUG_INFORMATION_FORMAT = dwarf;
				ENABLE_STRICT_OBJC_MSGSEND = YES;
				ENABLE_TESTABILITY = YES;
				GCC_C_LANGUAGE_STANDARD = gnu11;
				GCC_DYNAMIC_NO_PIC = NO;
				GCC_NO_COMMON_BLOCKS = YES;
				GCC_OPTIMIZATION_LEVEL = 0;
				GCC_PREPROCESSOR_DEFINITIONS = (
					"DEBUG=1",
					"$(inherited)",
				);
				GCC_WARN_64_TO_32_BIT_CONVERSION = YES;
				GCC_WARN_ABOUT_RETURN_TYPE = YES_ERROR;
				GCC_WARN_UNDECLARED_SELECTOR = YES;
				GCC_WARN_UNINITIALIZED_AUTOS = YES_AGGRESSIVE;
				GCC_WARN_UNUSED_FUNCTION = YES;
				GCC_WARN_UNUSED_VARIABLE = YES;
				IPHONEOS_DEPLOYMENT_TARGET = 11.4;
				MTL_ENABLE_DEBUG_INFO = YES;
				ONLY_ACTIVE_ARCH = YES;
				SDKROOT = iphoneos;
				SWIFT_ACTIVE_COMPILATION_CONDITIONS = DEBUG;
				SWIFT_OPTIMIZATION_LEVEL = "-Onone";
			};
			name = Debug;
		};
		0503379420E137A500A237ED /* Release */ = {
			isa = XCBuildConfiguration;
			buildSettings = {
				ALWAYS_SEARCH_USER_PATHS = NO;
				CLANG_ANALYZER_NONNULL = YES;
				CLANG_ANALYZER_NUMBER_OBJECT_CONVERSION = YES_AGGRESSIVE;
				CLANG_CXX_LANGUAGE_STANDARD = "gnu++14";
				CLANG_CXX_LIBRARY = "libc++";
				CLANG_ENABLE_MODULES = YES;
				CLANG_ENABLE_OBJC_ARC = YES;
				CLANG_ENABLE_OBJC_WEAK = YES;
				CLANG_WARN_BLOCK_CAPTURE_AUTORELEASING = YES;
				CLANG_WARN_BOOL_CONVERSION = YES;
				CLANG_WARN_COMMA = YES;
				CLANG_WARN_CONSTANT_CONVERSION = YES;
				CLANG_WARN_DEPRECATED_OBJC_IMPLEMENTATIONS = YES;
				CLANG_WARN_DIRECT_OBJC_ISA_USAGE = YES_ERROR;
				CLANG_WARN_DOCUMENTATION_COMMENTS = YES;
				CLANG_WARN_EMPTY_BODY = YES;
				CLANG_WARN_ENUM_CONVERSION = YES;
				CLANG_WARN_INFINITE_RECURSION = YES;
				CLANG_WARN_INT_CONVERSION = YES;
				CLANG_WARN_NON_LITERAL_NULL_CONVERSION = YES;
				CLANG_WARN_OBJC_IMPLICIT_RETAIN_SELF = YES;
				CLANG_WARN_OBJC_LITERAL_CONVERSION = YES;
				CLANG_WARN_OBJC_ROOT_CLASS = YES_ERROR;
				CLANG_WARN_RANGE_LOOP_ANALYSIS = YES;
				CLANG_WARN_STRICT_PROTOTYPES = YES;
				CLANG_WARN_SUSPICIOUS_MOVE = YES;
				CLANG_WARN_UNGUARDED_AVAILABILITY = YES_AGGRESSIVE;
				CLANG_WARN_UNREACHABLE_CODE = YES;
				CLANG_WARN__DUPLICATE_METHOD_MATCH = YES;
				CODE_SIGN_IDENTITY = "iPhone Developer";
				COPY_PHASE_STRIP = NO;
				DEBUG_INFORMATION_FORMAT = "dwarf-with-dsym";
				ENABLE_NS_ASSERTIONS = NO;
				ENABLE_STRICT_OBJC_MSGSEND = YES;
				GCC_C_LANGUAGE_STANDARD = gnu11;
				GCC_NO_COMMON_BLOCKS = YES;
				GCC_WARN_64_TO_32_BIT_CONVERSION = YES;
				GCC_WARN_ABOUT_RETURN_TYPE = YES_ERROR;
				GCC_WARN_UNDECLARED_SELECTOR = YES;
				GCC_WARN_UNINITIALIZED_AUTOS = YES_AGGRESSIVE;
				GCC_WARN_UNUSED_FUNCTION = YES;
				GCC_WARN_UNUSED_VARIABLE = YES;
				IPHONEOS_DEPLOYMENT_TARGET = 11.4;
				MTL_ENABLE_DEBUG_INFO = NO;
				SDKROOT = iphoneos;
				SWIFT_COMPILATION_MODE = wholemodule;
				SWIFT_OPTIMIZATION_LEVEL = "-O";
				VALIDATE_PRODUCT = YES;
			};
			name = Release;
		};
		0503379620E137A500A237ED /* Debug */ = {
			isa = XCBuildConfiguration;
			buildSettings = {
				ASSETCATALOG_COMPILER_APPICON_NAME = AppIcon;
				CODE_SIGN_STYLE = Automatic;
				DEVELOPMENT_TEAM = 7FMZNHRD29;
				INFOPLIST_FILE = ColorSwitch/Info.plist;
				LD_RUNPATH_SEARCH_PATHS = (
					"$(inherited)",
					"@executable_path/Frameworks",
				);
				PRODUCT_BUNDLE_IDENTIFIER = com.emotionalrobot.ColorSwitch;
				PRODUCT_NAME = "$(TARGET_NAME)";
				SWIFT_VERSION = 4.0;
				TARGETED_DEVICE_FAMILY = "1,2";
			};
			name = Debug;
		};
		0503379720E137A500A237ED /* Release */ = {
			isa = XCBuildConfiguration;
			buildSettings = {
				ASSETCATALOG_COMPILER_APPICON_NAME = AppIcon;
				CODE_SIGN_STYLE = Automatic;
				DEVELOPMENT_TEAM = 7FMZNHRD29;
				INFOPLIST_FILE = ColorSwitch/Info.plist;
				LD_RUNPATH_SEARCH_PATHS = (
					"$(inherited)",
					"@executable_path/Frameworks",
				);
				PRODUCT_BUNDLE_IDENTIFIER = com.emotionalrobot.ColorSwitch;
				PRODUCT_NAME = "$(TARGET_NAME)";
				SWIFT_VERSION = 4.0;
				TARGETED_DEVICE_FAMILY = "1,2";
			};
			name = Release;
		};
/* End XCBuildConfiguration section */

/* Begin XCConfigurationList section */
		0503377820E137A300A237ED /* Build configuration list for PBXProject "ColorSwitch" */ = {
			isa = XCConfigurationList;
			buildConfigurations = (
				0503379320E137A500A237ED /* Debug */,
				0503379420E137A500A237ED /* Release */,
			);
			defaultConfigurationIsVisible = 0;
			defaultConfigurationName = Release;
		};
		0503379520E137A500A237ED /* Build configuration list for PBXNativeTarget "ColorSwitch" */ = {
			isa = XCConfigurationList;
			buildConfigurations = (
				0503379620E137A500A237ED /* Debug */,
				0503379720E137A500A237ED /* Release */,
			);
			defaultConfigurationIsVisible = 0;
			defaultConfigurationName = Release;
		};
/* End XCConfigurationList section */
	};
	rootObject = 0503377520E137A300A237ED /* Project object */;
}
